// !$*UTF8*$!
{
	archiveVersion = 1;
	classes = {
	};
	objectVersion = 50;
	objects = {

/* Begin PBXBuildFile section */
		B85256FC22C0D18D00B10731 /* main.m in Sources */ = {isa = PBXBuildFile; fileRef = B85256FB22C0D18D00B10731 /* main.m */; };
		B852570722C0F57D00B10731 /* main.m in Sources */ = {isa = PBXBuildFile; fileRef = B852570622C0F57D00B10731 /* main.m */; };
		B8AA450C22C1B9A000375E48 /* main.m in Sources */ = {isa = PBXBuildFile; fileRef = B8AA450B22C1B9A000375E48 /* main.m */; };
/* End PBXBuildFile section */

/* Begin PBXCopyFilesBuildPhase section */
		110EA36E2294E59C00C22449 /* CopyFiles */ = {
			isa = PBXCopyFilesBuildPhase;
			buildActionMask = 2147483647;
			dstPath = /usr/share/man/man1/;
			dstSubfolderSpec = 0;
			files = (
			);
			runOnlyForDeploymentPostprocessing = 1;
		};
		B85256F722C0D18D00B10731 /* CopyFiles */ = {
			isa = PBXCopyFilesBuildPhase;
			buildActionMask = 2147483647;
			dstPath = /usr/share/man/man1/;
			dstSubfolderSpec = 0;
			files = (
			);
			runOnlyForDeploymentPostprocessing = 1;
		};
		B852570222C0F57D00B10731 /* CopyFiles */ = {
			isa = PBXCopyFilesBuildPhase;
			buildActionMask = 2147483647;
			dstPath = /usr/share/man/man1/;
			dstSubfolderSpec = 0;
			files = (
			);
			runOnlyForDeploymentPostprocessing = 1;
		};
		B8AA450722C1B9A000375E48 /* CopyFiles */ = {
			isa = PBXCopyFilesBuildPhase;
			buildActionMask = 2147483647;
			dstPath = /usr/share/man/man1/;
			dstSubfolderSpec = 0;
			files = (
			);
			runOnlyForDeploymentPostprocessing = 1;
		};
/* End PBXCopyFilesBuildPhase section */

/* Begin PBXFileReference section */
		110EA3702294E59C00C22449 /* Link */ = {isa = PBXFileReference; explicitFileType = "compiled.mach-o.executable"; includeInIndex = 0; path = Link; sourceTree = BUILT_PRODUCTS_DIR; };
		B85256F922C0D18D00B10731 /* LinkList */ = {isa = PBXFileReference; explicitFileType = "compiled.mach-o.executable"; includeInIndex = 0; path = LinkList; sourceTree = BUILT_PRODUCTS_DIR; };
		B85256FB22C0D18D00B10731 /* main.m */ = {isa = PBXFileReference; lastKnownFileType = sourcecode.c.objc; path = main.m; sourceTree = "<group>"; };
		B852570422C0F57D00B10731 /* DoubleLink */ = {isa = PBXFileReference; explicitFileType = "compiled.mach-o.executable"; includeInIndex = 0; path = DoubleLink; sourceTree = BUILT_PRODUCTS_DIR; };
		B852570622C0F57D00B10731 /* main.m */ = {isa = PBXFileReference; lastKnownFileType = sourcecode.c.objc; path = main.m; sourceTree = "<group>"; };
		B8AA450922C1B9A000375E48 /* DoubleCirculationLink */ = {isa = PBXFileReference; explicitFileType = "compiled.mach-o.executable"; includeInIndex = 0; path = DoubleCirculationLink; sourceTree = BUILT_PRODUCTS_DIR; };
		B8AA450B22C1B9A000375E48 /* main.m */ = {isa = PBXFileReference; lastKnownFileType = sourcecode.c.objc; path = main.m; sourceTree = "<group>"; };
/* End PBXFileReference section */

/* Begin PBXFrameworksBuildPhase section */
		110EA36D2294E59C00C22449 /* Frameworks */ = {
			isa = PBXFrameworksBuildPhase;
			buildActionMask = 2147483647;
			files = (
			);
			runOnlyForDeploymentPostprocessing = 0;
		};
		B85256F622C0D18D00B10731 /* Frameworks */ = {
			isa = PBXFrameworksBuildPhase;
			buildActionMask = 2147483647;
			files = (
			);
			runOnlyForDeploymentPostprocessing = 0;
		};
		B852570122C0F57D00B10731 /* Frameworks */ = {
			isa = PBXFrameworksBuildPhase;
			buildActionMask = 2147483647;
			files = (
			);
			runOnlyForDeploymentPostprocessing = 0;
		};
		B8AA450622C1B9A000375E48 /* Frameworks */ = {
			isa = PBXFrameworksBuildPhase;
			buildActionMask = 2147483647;
			files = (
			);
			runOnlyForDeploymentPostprocessing = 0;
		};
/* End PBXFrameworksBuildPhase section */

/* Begin PBXGroup section */
		110EA3672294E59C00C22449 = {
			isa = PBXGroup;
			children = (
				B85256FA22C0D18D00B10731 /* LinkList */,
				B852570522C0F57D00B10731 /* DoubleLink */,
				B8AA450A22C1B9A000375E48 /* DoubleCirculationLink */,
				110EA3712294E59C00C22449 /* Products */,
			);
			sourceTree = "<group>";
		};
		110EA3712294E59C00C22449 /* Products */ = {
			isa = PBXGroup;
			children = (
				110EA3702294E59C00C22449 /* Link */,
				B85256F922C0D18D00B10731 /* LinkList */,
				B852570422C0F57D00B10731 /* DoubleLink */,
				B8AA450922C1B9A000375E48 /* DoubleCirculationLink */,
			);
			name = Products;
			sourceTree = "<group>";
		};
		B85256FA22C0D18D00B10731 /* LinkList */ = {
			isa = PBXGroup;
			children = (
				B85256FB22C0D18D00B10731 /* main.m */,
			);
			path = LinkList;
			sourceTree = "<group>";
		};
		B852570522C0F57D00B10731 /* DoubleLink */ = {
			isa = PBXGroup;
			children = (
				B852570622C0F57D00B10731 /* main.m */,
			);
			path = DoubleLink;
			sourceTree = "<group>";
		};
		B8AA450A22C1B9A000375E48 /* DoubleCirculationLink */ = {
			isa = PBXGroup;
			children = (
				B8AA450B22C1B9A000375E48 /* main.m */,
			);
			path = DoubleCirculationLink;
			sourceTree = "<group>";
		};
/* End PBXGroup section */

/* Begin PBXNativeTarget section */
		110EA36F2294E59C00C22449 /* Link */ = {
			isa = PBXNativeTarget;
			buildConfigurationList = 110EA3772294E59C00C22449 /* Build configuration list for PBXNativeTarget "Link" */;
			buildPhases = (
				110EA36C2294E59C00C22449 /* Sources */,
				110EA36D2294E59C00C22449 /* Frameworks */,
				110EA36E2294E59C00C22449 /* CopyFiles */,
			);
			buildRules = (
			);
			dependencies = (
			);
			name = Link;
			productName = TreeQuery;
			productReference = 110EA3702294E59C00C22449 /* Link */;
			productType = "com.apple.product-type.tool";
		};
		B85256F822C0D18D00B10731 /* LinkList */ = {
			isa = PBXNativeTarget;
			buildConfigurationList = B85256FF22C0D18D00B10731 /* Build configuration list for PBXNativeTarget "LinkList" */;
			buildPhases = (
				B85256F522C0D18D00B10731 /* Sources */,
				B85256F622C0D18D00B10731 /* Frameworks */,
				B85256F722C0D18D00B10731 /* CopyFiles */,
			);
			buildRules = (
			);
			dependencies = (
			);
			name = LinkList;
			productName = LinkList;
			productReference = B85256F922C0D18D00B10731 /* LinkList */;
			productType = "com.apple.product-type.tool";
		};
		B852570322C0F57D00B10731 /* DoubleLink */ = {
			isa = PBXNativeTarget;
			buildConfigurationList = B852570822C0F57D00B10731 /* Build configuration list for PBXNativeTarget "DoubleLink" */;
			buildPhases = (
				B852570022C0F57D00B10731 /* Sources */,
				B852570122C0F57D00B10731 /* Frameworks */,
				B852570222C0F57D00B10731 /* CopyFiles */,
			);
			buildRules = (
			);
			dependencies = (
			);
			name = DoubleLink;
			productName = DoubleLink;
			productReference = B852570422C0F57D00B10731 /* DoubleLink */;
			productType = "com.apple.product-type.tool";
		};
		B8AA450822C1B9A000375E48 /* DoubleCirculationLink */ = {
			isa = PBXNativeTarget;
			buildConfigurationList = B8AA450F22C1B9A000375E48 /* Build configuration list for PBXNativeTarget "DoubleCirculationLink" */;
			buildPhases = (
				B8AA450522C1B9A000375E48 /* Sources */,
				B8AA450622C1B9A000375E48 /* Frameworks */,
				B8AA450722C1B9A000375E48 /* CopyFiles */,
			);
			buildRules = (
			);
			dependencies = (
			);
			name = DoubleCirculationLink;
			productName = DoubleCirculationLink;
			productReference = B8AA450922C1B9A000375E48 /* DoubleCirculationLink */;
			productType = "com.apple.product-type.tool";
		};
/* End PBXNativeTarget section */

/* Begin PBXProject section */
		110EA3682294E59C00C22449 /* Project object */ = {
			isa = PBXProject;
			attributes = {
				LastUpgradeCheck = 1020;
				ORGANIZATIONNAME = xiao;
				TargetAttributes = {
					110EA36F2294E59C00C22449 = {
						CreatedOnToolsVersion = 10.2;
					};
					B85256F822C0D18D00B10731 = {
						CreatedOnToolsVersion = 10.0;
					};
					B852570322C0F57D00B10731 = {
						CreatedOnToolsVersion = 10.0;
					};
					B8AA450822C1B9A000375E48 = {
						CreatedOnToolsVersion = 10.0;
					};
				};
			};
			buildConfigurationList = 110EA36B2294E59C00C22449 /* Build configuration list for PBXProject "Link" */;
			compatibilityVersion = "Xcode 9.3";
			developmentRegion = en;
			hasScannedForEncodings = 0;
			knownRegions = (
				en,
			);
			mainGroup = 110EA3672294E59C00C22449;
			productRefGroup = 110EA3712294E59C00C22449 /* Products */;
			projectDirPath = "";
			projectRoot = "";
			targets = (
				110EA36F2294E59C00C22449 /* Link */,
				B85256F822C0D18D00B10731 /* LinkList */,
				B852570322C0F57D00B10731 /* DoubleLink */,
				B8AA450822C1B9A000375E48 /* DoubleCirculationLink */,
			);
		};
/* End PBXProject section */

/* Begin PBXSourcesBuildPhase section */
		110EA36C2294E59C00C22449 /* Sources */ = {
			isa = PBXSourcesBuildPhase;
			buildActionMask = 2147483647;
			files = (
			);
			runOnlyForDeploymentPostprocessing = 0;
		};
		B85256F522C0D18D00B10731 /* Sources */ = {
			isa = PBXSourcesBuildPhase;
			buildActionMask = 2147483647;
			files = (
				B85256FC22C0D18D00B10731 /* main.m in Sources */,
			);
			runOnlyForDeploymentPostprocessing = 0;
		};
		B852570022C0F57D00B10731 /* Sources */ = {
			isa = PBXSourcesBuildPhase;
			buildActionMask = 2147483647;
			files = (
				B852570722C0F57D00B10731 /* main.m in Sources */,
			);
			runOnlyForDeploymentPostprocessing = 0;
		};
		B8AA450522C1B9A000375E48 /* Sources */ = {
			isa = PBXSourcesBuildPhase;
			buildActionMask = 2147483647;
			files = (
				B8AA450C22C1B9A000375E48 /* main.m in Sources */,
			);
			runOnlyForDeploymentPostprocessing = 0;
		};
/* End PBXSourcesBuildPhase section */

/* Begin XCBuildConfiguration section */
		110EA3752294E59C00C22449 /* Debug */ = {
			isa = XCBuildConfiguration;
			buildSettings = {
				ALWAYS_SEARCH_USER_PATHS = NO;
				CLANG_ANALYZER_NONNULL = YES;
				CLANG_ANALYZER_NUMBER_OBJECT_CONVERSION = YES_AGGRESSIVE;
				CLANG_CXX_LANGUAGE_STANDARD = "gnu++14";
				CLANG_CXX_LIBRARY = "libc++";
				CLANG_ENABLE_MODULES = YES;
				CLANG_ENABLE_OBJC_ARC = YES;
				CLANG_ENABLE_OBJC_WEAK = YES;
				CLANG_WARN_BLOCK_CAPTURE_AUTORELEASING = YES;
				CLANG_WARN_BOOL_CONVERSION = YES;
				CLANG_WARN_COMMA = YES;
				CLANG_WARN_CONSTANT_CONVERSION = YES;
				CLANG_WARN_DEPRECATED_OBJC_IMPLEMENTATIONS = YES;
				CLANG_WARN_DIRECT_OBJC_ISA_USAGE = YES_ERROR;
				CLANG_WARN_DOCUMENTATION_COMMENTS = YES;
				CLANG_WARN_EMPTY_BODY = YES;
				CLANG_WARN_ENUM_CONVERSION = YES;
				CLANG_WARN_INFINITE_RECURSION = YES;
				CLANG_WARN_INT_CONVERSION = YES;
				CLANG_WARN_NON_LITERAL_NULL_CONVERSION = YES;
				CLANG_WARN_OBJC_IMPLICIT_RETAIN_SELF = YES;
				CLANG_WARN_OBJC_LITERAL_CONVERSION = YES;
				CLANG_WARN_OBJC_ROOT_CLASS = YES_ERROR;
				CLANG_WARN_RANGE_LOOP_ANALYSIS = YES;
				CLANG_WARN_STRICT_PROTOTYPES = YES;
				CLANG_WARN_SUSPICIOUS_MOVE = YES;
				CLANG_WARN_UNGUARDED_AVAILABILITY = YES_AGGRESSIVE;
				CLANG_WARN_UNREACHABLE_CODE = YES;
				CLANG_WARN__DUPLICATE_METHOD_MATCH = YES;
				CODE_SIGN_IDENTITY = "Mac Developer";
				COPY_PHASE_STRIP = NO;
				DEBUG_INFORMATION_FORMAT = dwarf;
				ENABLE_STRICT_OBJC_MSGSEND = YES;
				ENABLE_TESTABILITY = YES;
				GCC_C_LANGUAGE_STANDARD = gnu11;
				GCC_DYNAMIC_NO_PIC = NO;
				GCC_NO_COMMON_BLOCKS = YES;
				GCC_OPTIMIZATION_LEVEL = 0;
				GCC_PREPROCESSOR_DEFINITIONS = (
					"DEBUG=1",
					"$(inherited)",
				);
				GCC_WARN_64_TO_32_BIT_CONVERSION = YES;
				GCC_WARN_ABOUT_RETURN_TYPE = YES_ERROR;
				GCC_WARN_UNDECLARED_SELECTOR = YES;
				GCC_WARN_UNINITIALIZED_AUTOS = YES_AGGRESSIVE;
				GCC_WARN_UNUSED_FUNCTION = YES;
				GCC_WARN_UNUSED_VARIABLE = YES;
				MACOSX_DEPLOYMENT_TARGET = 10.14;
				MTL_ENABLE_DEBUG_INFO = INCLUDE_SOURCE;
				MTL_FAST_MATH = YES;
				ONLY_ACTIVE_ARCH = YES;
				SDKROOT = macosx;
			};
			name = Debug;
		};
		110EA3762294E59C00C22449 /* Release */ = {
			isa = XCBuildConfiguration;
			buildSettings = {
				ALWAYS_SEARCH_USER_PATHS = NO;
				CLANG_ANALYZER_NONNULL = YES;
				CLANG_ANALYZER_NUMBER_OBJECT_CONVERSION = YES_AGGRESSIVE;
				CLANG_CXX_LANGUAGE_STANDARD = "gnu++14";
				CLANG_CXX_LIBRARY = "libc++";
				CLANG_ENABLE_MODULES = YES;
				CLANG_ENABLE_OBJC_ARC = YES;
				CLANG_ENABLE_OBJC_WEAK = YES;
				CLANG_WARN_BLOCK_CAPTURE_AUTORELEASING = YES;
				CLANG_WARN_BOOL_CONVERSION = YES;
				CLANG_WARN_COMMA = YES;
				CLANG_WARN_CONSTANT_CONVERSION = YES;
				CLANG_WARN_DEPRECATED_OBJC_IMPLEMENTATIONS = YES;
				CLANG_WARN_DIRECT_OBJC_ISA_USAGE = YES_ERROR;
				CLANG_WARN_DOCUMENTATION_COMMENTS = YES;
				CLANG_WARN_EMPTY_BODY = YES;
				CLANG_WARN_ENUM_CONVERSION = YES;
				CLANG_WARN_INFINITE_RECURSION = YES;
				CLANG_WARN_INT_CONVERSION = YES;
				CLANG_WARN_NON_LITERAL_NULL_CONVERSION = YES;
				CLANG_WARN_OBJC_IMPLICIT_RETAIN_SELF = YES;
				CLANG_WARN_OBJC_LITERAL_CONVERSION = YES;
				CLANG_WARN_OBJC_ROOT_CLASS = YES_ERROR;
				CLANG_WARN_RANGE_LOOP_ANALYSIS = YES;
				CLANG_WARN_STRICT_PROTOTYPES = YES;
				CLANG_WARN_SUSPICIOUS_MOVE = YES;
				CLANG_WARN_UNGUARDED_AVAILABILITY = YES_AGGRESSIVE;
				CLANG_WARN_UNREACHABLE_CODE = YES;
				CLANG_WARN__DUPLICATE_METHOD_MATCH = YES;
				CODE_SIGN_IDENTITY = "Mac Developer";
				COPY_PHASE_STRIP = NO;
				DEBUG_INFORMATION_FORMAT = "dwarf-with-dsym";
				ENABLE_NS_ASSERTIONS = NO;
				ENABLE_STRICT_OBJC_MSGSEND = YES;
				GCC_C_LANGUAGE_STANDARD = gnu11;
				GCC_NO_COMMON_BLOCKS = YES;
				GCC_WARN_64_TO_32_BIT_CONVERSION = YES;
				GCC_WARN_ABOUT_RETURN_TYPE = YES_ERROR;
				GCC_WARN_UNDECLARED_SELECTOR = YES;
				GCC_WARN_UNINITIALIZED_AUTOS = YES_AGGRESSIVE;
				GCC_WARN_UNUSED_FUNCTION = YES;
				GCC_WARN_UNUSED_VARIABLE = YES;
				MACOSX_DEPLOYMENT_TARGET = 10.14;
				MTL_ENABLE_DEBUG_INFO = NO;
				MTL_FAST_MATH = YES;
				SDKROOT = macosx;
			};
			name = Release;
		};
		110EA3782294E59C00C22449 /* Debug */ = {
			isa = XCBuildConfiguration;
			buildSettings = {
				CODE_SIGN_STYLE = Automatic;
				DEVELOPMENT_TEAM = 7W2EM9BNZ3;
				PRODUCT_NAME = "$(TARGET_NAME)";
			};
			name = Debug;
		};
		110EA3792294E59C00C22449 /* Release */ = {
			isa = XCBuildConfiguration;
			buildSettings = {
				CODE_SIGN_STYLE = Automatic;
				DEVELOPMENT_TEAM = 7W2EM9BNZ3;
				PRODUCT_NAME = "$(TARGET_NAME)";
			};
			name = Release;
		};
		B85256FD22C0D18D00B10731 /* Debug */ = {
			isa = XCBuildConfiguration;
			buildSettings = {
				CODE_SIGN_IDENTITY = "-";
				CODE_SIGN_STYLE = Automatic;
				MACOSX_DEPLOYMENT_TARGET = 10.13;
				PRODUCT_NAME = "$(TARGET_NAME)";
			};
			name = Debug;
		};
		B85256FE22C0D18D00B10731 /* Release */ = {
			isa = XCBuildConfiguration;
			buildSettings = {
				CODE_SIGN_IDENTITY = "-";
				CODE_SIGN_STYLE = Automatic;
				MACOSX_DEPLOYMENT_TARGET = 10.13;
				PRODUCT_NAME = "$(TARGET_NAME)";
			};
			name = Release;
		};
		B852570922C0F57D00B10731 /* Debug */ = {
			isa = XCBuildConfiguration;
			buildSettings = {
				CODE_SIGN_IDENTITY = "-";
				CODE_SIGN_STYLE = Automatic;
				MACOSX_DEPLOYMENT_TARGET = 10.13;
				PRODUCT_NAME = "$(TARGET_NAME)";
			};
			name = Debug;
		};
		B852570A22C0F57D00B10731 /* Release */ = {
			isa = XCBuildConfiguration;
			buildSettings = {
				CODE_SIGN_IDENTITY = "-";
				CODE_SIGN_STYLE = Automatic;
				MACOSX_DEPLOYMENT_TARGET = 10.13;
				PRODUCT_NAME = "$(TARGET_NAME)";
			};
			name = Release;
		};
		B8AA450D22C1B9A000375E48 /* Debug */ = {
			isa = XCBuildConfiguration;
			buildSettings = {
				CODE_SIGN_IDENTITY = "-";
				CODE_SIGN_STYLE = Automatic;
				MACOSX_DEPLOYMENT_TARGET = 10.13;
				PRODUCT_NAME = "$(TARGET_NAME)";
			};
			name = Debug;
		};
		B8AA450E22C1B9A000375E48 /* Release */ = {
			isa = XCBuildConfiguration;
			buildSettings = {
				CODE_SIGN_IDENTITY = "-";
				CODE_SIGN_STYLE = Automatic;
				MACOSX_DEPLOYMENT_TARGET = 10.13;
				PRODUCT_NAME = "$(TARGET_NAME)";
			};
			name = Release;
		};
/* End XCBuildConfiguration section */

/* Begin XCConfigurationList section */
		110EA36B2294E59C00C22449 /* Build configuration list for PBXProject "Link" */ = {
			isa = XCConfigurationList;
			buildConfigurations = (
				110EA3752294E59C00C22449 /* Debug */,
				110EA3762294E59C00C22449 /* Release */,
			);
			defaultConfigurationIsVisible = 0;
			defaultConfigurationName = Release;
		};
		110EA3772294E59C00C22449 /* Build configuration list for PBXNativeTarget "Link" */ = {
			isa = XCConfigurationList;
			buildConfigurations = (
				110EA3782294E59C00C22449 /* Debug */,
				110EA3792294E59C00C22449 /* Release */,
			);
			defaultConfigurationIsVisible = 0;
			defaultConfigurationName = Release;
		};
		B85256FF22C0D18D00B10731 /* Build configuration list for PBXNativeTarget "LinkList" */ = {
			isa = XCConfigurationList;
			buildConfigurations = (
				B85256FD22C0D18D00B10731 /* Debug */,
				B85256FE22C0D18D00B10731 /* Release */,
			);
			defaultConfigurationIsVisible = 0;
			defaultConfigurationName = Release;
		};
		B852570822C0F57D00B10731 /* Build configuration list for PBXNativeTarget "DoubleLink" */ = {
			isa = XCConfigurationList;
			buildConfigurations = (
				B852570922C0F57D00B10731 /* Debug */,
				B852570A22C0F57D00B10731 /* Release */,
			);
			defaultConfigurationIsVisible = 0;
			defaultConfigurationName = Release;
		};
		B8AA450F22C1B9A000375E48 /* Build configuration list for PBXNativeTarget "DoubleCirculationLink" */ = {
			isa = XCConfigurationList;
			buildConfigurations = (
				B8AA450D22C1B9A000375E48 /* Debug */,
				B8AA450E22C1B9A000375E48 /* Release */,
			);
			defaultConfigurationIsVisible = 0;
			defaultConfigurationName = Release;
		};
/* End XCConfigurationList section */
	};
	rootObject = 110EA3682294E59C00C22449 /* Project object */;
}
